
Microsoft Visual Studio Solution File, Format Version 11.00
# Visual Studio 2010
Project("{FAE04EC0-301F-11D3-BF4B-00C04F79EFBC}") = "ActionContainer", "ActionContainer\ActionContainer.csproj", "{34006D71-ECF7-4113-A997-A7C88B838140}"
EndProject
Project("{FAE04EC0-301F-11D3-BF4B-00C04F79EFBC}") = "ActionContainer.Sample", "ActionContainer.Sample\ActionContainer.Sample.csproj", "{E7FA1097-4B3C-42F2-9BBB-8487F83B5D7C}"
EndProject
Project("{FAE04EC0-301F-11D3-BF4B-00C04F79EFBC}") = "ActionContainer.Test", "ActionContainer.Test\ActionContainer.Test.csproj", "{61684F96-EFFB-4905-90A4-39B50AA5C581}"
EndProject
Project("{2150E333-8FDC-42A3-9474-1A3956D46DE8}") = "Solution Items", "Solution Items", "{54B6E636-88A9-4B0B-8819-91273B5E00C5}"
	ProjectSection(SolutionItems) = preProject
		Default.testrunconfig = Default.testrunconfig
	EndProjectSection
EndProject
Global
	GlobalSection(SolutionConfigurationPlatforms) = preSolution
		Debug|Any CPU = Debug|Any CPU
		Debug|Mixed Platforms = Debug|Mixed Platforms
		Debug|x86 = Debug|x86
		Release|Any CPU = Release|Any CPU
		Release|Mixed Platforms = Release|Mixed Platforms
		Release|x86 = Release|x86
	EndGlobalSection
	GlobalSection(ProjectConfigurationPlatforms) = postSolution
		{34006D71-ECF7-4113-A997-A7C88B838140}.Debug|Any CPU.ActiveCfg = Debug|x86
		{34006D71-ECF7-4113-A997-A7C88B838140}.Debug|Mixed Platforms.ActiveCfg = Debug|x86
		{34006D71-ECF7-4113-A997-A7C88B838140}.Debug|Mixed Platforms.Build.0 = Debug|x86
		{34006D71-ECF7-4113-A997-A7C88B838140}.Debug|x86.ActiveCfg = Debug|x86
		{34006D71-ECF7-4113-A997-A7C88B838140}.Debug|x86.Build.0 = Debug|x86
		{34006D71-ECF7-4113-A997-A7C88B838140}.Release|Any CPU.ActiveCfg = Release|x86
		{34006D71-ECF7-4113-A997-A7C88B838140}.Release|Mixed Platforms.ActiveCfg = Release|x86
		{34006D71-ECF7-4113-A997-A7C88B838140}.Release|Mixed Platforms.Build.0 = Release|x86
		{34006D71-ECF7-4113-A997-A7C88B838140}.Release|x86.ActiveCfg = Release|x86
		{34006D71-ECF7-4113-A997-A7C88B838140}.Release|x86.Build.0 = Release|x86
		{E7FA1097-4B3C-42F2-9BBB-8487F83B5D7C}.Debug|Any CPU.ActiveCfg = Debug|x86
		{E7FA1097-4B3C-42F2-9BBB-8487F83B5D7C}.Debug|Mixed Platforms.ActiveCfg = Debug|x86
		{E7FA1097-4B3C-42F2-9BBB-8487F83B5D7C}.Debug|Mixed Platforms.Build.0 = Debug|x86
		{E7FA1097-4B3C-42F2-9BBB-8487F83B5D7C}.Debug|x86.ActiveCfg = Debug|x86
		{E7FA1097-4B3C-42F2-9BBB-8487F83B5D7C}.Debug|x86.Build.0 = Debug|x86
		{E7FA1097-4B3C-42F2-9BBB-8487F83B5D7C}.Release|Any CPU.ActiveCfg = Release|x86
		{E7FA1097-4B3C-42F2-9BBB-8487F83B5D7C}.Release|Mixed Platforms.ActiveCfg = Release|x86
		{E7FA1097-4B3C-42F2-9BBB-8487F83B5D7C}.Release|Mixed Platforms.Build.0 = Release|x86
		{E7FA1097-4B3C-42F2-9BBB-8487F83B5D7C}.Release|x86.ActiveCfg = Release|x86
		{E7FA1097-4B3C-42F2-9BBB-8487F83B5D7C}.Release|x86.Build.0 = Release|x86
		{61684F96-EFFB-4905-90A4-39B50AA5C581}.Debug|Any CPU.ActiveCfg = Debug|Any CPU
		{61684F96-EFFB-4905-90A4-39B50AA5C581}.Debug|Any CPU.Build.0 = Debug|Any CPU
		{61684F96-EFFB-4905-90A4-39B50AA5C581}.Debug|Mixed Platforms.ActiveCfg = Debug|Any CPU
		{61684F96-EFFB-4905-90A4-39B50AA5C581}.Debug|Mixed Platforms.Build.0 = Debug|Any CPU
		{61684F96-EFFB-4905-90A4-39B50AA5C581}.Debug|x86.ActiveCfg = Debug|Any CPU
		{61684F96-EFFB-4905-90A4-39B50AA5C581}.Release|Any CPU.ActiveCfg = Release|Any CPU
		{61684F96-EFFB-4905-90A4-39B50AA5C581}.Release|Any CPU.Build.0 = Release|Any CPU
		{61684F96-EFFB-4905-90A4-39B50AA5C581}.Release|Mixed Platforms.ActiveCfg = Release|Any CPU
		{61684F96-EFFB-4905-90A4-39B50AA5C581}.Release|Mixed Platforms.Build.0 = Release|Any CPU
		{61684F96-EFFB-4905-90A4-39B50AA5C581}.Release|x86.ActiveCfg = Release|Any CPU
	EndGlobalSection
	GlobalSection(SolutionProperties) = preSolution
		HideSolutionNode = FALSE
	EndGlobalSection
EndGlobal
